
Microsoft Visual Studio Solution File, Format Version 12.00
# Visual Studio 15
VisualStudioVersion = 15.0.27130.2003
MinimumVisualStudioVersion = 10.0.40219.1
Project("{FAE04EC0-301F-11D3-BF4B-00C04F79EFBC}") = "App6.Android", "App6\App6.Android\App6.Android.csproj", "{93CB09D1-2D7B-4848-A325-E71332AFDEDF}"
EndProject
Project("{FAE04EC0-301F-11D3-BF4B-00C04F79EFBC}") = "App6", "App6\App6\App6.csproj", "{CB191E0B-FA31-45C2-BF97-62CDD9D3D8EA}"
EndProject
Project("{FAE04EC0-301F-11D3-BF4B-00C04F79EFBC}") = "App6.MobileAppService", "App6\App6.MobileAppService\App6.MobileAppService.csproj", "{8E598313-6193-4716-AF22-DB6C02578513}"
EndProject
Global
	GlobalSection(SolutionConfigurationPlatforms) = preSolution
		Debug|Any CPU = Debug|Any CPU
		Release|Any CPU = Release|Any CPU
	EndGlobalSection
	GlobalSection(ProjectConfigurationPlatforms) = postSolution
		{93CB09D1-2D7B-4848-A325-E71332AFDEDF}.Debug|Any CPU.ActiveCfg = Debug|Any CPU
		{93CB09D1-2D7B-4848-A325-E71332AFDEDF}.Debug|Any CPU.Build.0 = Debug|Any CPU
		{93CB09D1-2D7B-4848-A325-E71332AFDEDF}.Debug|Any CPU.Deploy.0 = Debug|Any CPU
		{93CB09D1-2D7B-4848-A325-E71332AFDEDF}.Release|Any CPU.ActiveCfg = Release|Any CPU
		{93CB09D1-2D7B-4848-A325-E71332AFDEDF}.Release|Any CPU.Build.0 = Release|Any CPU
		{93CB09D1-2D7B-4848-A325-E71332AFDEDF}.Release|Any CPU.Deploy.0 = Release|Any CPU
		{CB191E0B-FA31-45C2-BF97-62CDD9D3D8EA}.Debug|Any CPU.ActiveCfg = Debug|Any CPU
		{CB191E0B-FA31-45C2-BF97-62CDD9D3D8EA}.Debug|Any CPU.Build.0 = Debug|Any CPU
		{CB191E0B-FA31-45C2-BF97-62CDD9D3D8EA}.Release|Any CPU.ActiveCfg = Release|Any CPU
		{CB191E0B-FA31-45C2-BF97-62CDD9D3D8EA}.Release|Any CPU.Build.0 = Release|Any CPU
		{8E598313-6193-4716-AF22-DB6C02578513}.Debug|Any CPU.ActiveCfg = Debug|Any CPU
		{8E598313-6193-4716-AF22-DB6C02578513}.Debug|Any CPU.Build.0 = Debug|Any CPU
		{8E598313-6193-4716-AF22-DB6C02578513}.Release|Any CPU.ActiveCfg = Release|Any CPU
		{8E598313-6193-4716-AF22-DB6C02578513}.Release|Any CPU.Build.0 = Release|Any CPU
	EndGlobalSection
	GlobalSection(SolutionProperties) = preSolution
		HideSolutionNode = FALSE
	EndGlobalSection
	GlobalSection(ExtensibilityGlobals) = postSolution
		SolutionGuid = {8A0526AC-5965-47A1-8C38-F1C918222D01}
	EndGlobalSection
EndGlobal
